{
  "name": "theailabs-frontend",
  "version": "1.0.0",
  "lockfileVersion": 3,
  "requires": true,
  "packages": {
    "": {
      "name": "theailabs-frontend",
      "version": "1.0.0",
      "dependencies": {
        "theailabs-root": "file:.."
      }
    },
    "..": {
      "name": "theailabs-root",
      "version": "1.0.0",
      "devDependencies": {
        "wrangler": "^3.0.0"
      }
    },
    "node_modules/theailabs-root": {
      "resolved": "..",
      "link": true
    }
  }
}
